{
  "nodes": {
    "nixpkgs": {
      "locked": {
        "lastModified": 1760734100,
        "narHash": "sha256-U/X10TM4d64U49L5URVBrZmKiOS8Ho+ljG5fpScWOlo=",
        "owner": "NixOS",
        "repo": "nixpkgs",
        "rev": "44af11f6cc30f317127096a8d438a93835c8f605",
        "type": "github"
      },
      "original": {
        "owner": "NixOS",
        "ref": "master",
        "repo": "nixpkgs",
        "type": "github"
      }
    },
    "root": {
      "inputs": {
        "nixpkgs": "nixpkgs"
      }
    }
  },
  "root": "root",
  "version": 7
}
