{
  "nodes": {
    "nixpkgs": {
      "locked": {
        "lastModified": 1760735747,
        "narHash": "sha256-XEtEY8DozFPS00oDJYrMWv+4erWv8lYkBr09k8CFX90=",
        "owner": "NixOS",
        "repo": "nixpkgs",
        "rev": "c231242f00f120aa8523290fbfdbfdadd3818c66",
        "type": "github"
      },
      "original": {
        "owner": "NixOS",
        "ref": "master",
        "repo": "nixpkgs",
        "type": "github"
      }
    },
    "root": {
      "inputs": {
        "nixpkgs": "nixpkgs"
      }
    }
  },
  "root": "root",
  "version": 7
}
