{
  "nodes": {
    "nixpkgs": {
      "locked": {
        "lastModified": 1761571280,
        "narHash": "sha256-Lgejzs291o/CNaoejq8OY/QkFxY8boGNCvkLTmqwUX8=",
        "owner": "NixOS",
        "repo": "nixpkgs",
        "rev": "4160763d74f6ec3618dccd101ea299161290650d",
        "type": "github"
      },
      "original": {
        "owner": "NixOS",
        "ref": "master",
        "repo": "nixpkgs",
        "type": "github"
      }
    },
    "root": {
      "inputs": {
        "nixpkgs": "nixpkgs"
      }
    }
  },
  "root": "root",
  "version": 7
}
